// !$*UTF8*$!
{
	archiveVersion = 1;
	classes = {
	};
	objectVersion = 48;
	objects = {

/* Begin PBXBuildFile section */
		1F3AF6B7559C292EF249D855 /* Pods_iOS_Unit_Tests.framework in Frameworks */ = {isa = PBXBuildFile; fileRef = EE9195FC81516BC7D6D7FAFA /* Pods_iOS_Unit_Tests.framework */; };
		2A1388E11FBBB61700B1C616 /* VisitHandler.swift in Sources */ = {isa = PBXBuildFile; fileRef = 2A1388E01FBBB61700B1C616 /* VisitHandler.swift */; };
		2A1388E31FBBBA3800B1C616 /* AppointmentHandlerSpec.swift in Sources */ = {isa = PBXBuildFile; fileRef = 2A1388E21FBBBA3800B1C616 /* AppointmentHandlerSpec.swift */; };
		2A4E95101FBE20D0002DB27D /* ProgressView.swift in Sources */ = {isa = PBXBuildFile; fileRef = 2A4E950F1FBE20D0002DB27D /* ProgressView.swift */; };
		2A4E95121FBE394C002DB27D /* NoVisitsView.swift in Sources */ = {isa = PBXBuildFile; fileRef = 2A4E95111FBE394C002DB27D /* NoVisitsView.swift */; };
		2A4E95141FBE4C85002DB27D /* PermissionView.swift in Sources */ = {isa = PBXBuildFile; fileRef = 2A4E95131FBE4C85002DB27D /* PermissionView.swift */; };
		2A66F6001FC639300010E371 /* Localizable.strings in Resources */ = {isa = PBXBuildFile; fileRef = 2A66F5FE1FC639300010E371 /* Localizable.strings */; };
		2A66F6061FC63C770010E371 /* InfoPlist.strings in Resources */ = {isa = PBXBuildFile; fileRef = 2A66F6041FC63C770010E371 /* InfoPlist.strings */; };
		2AA2D15F1FC7054B00D73EA2 /* Assets.xcassets in Resources */ = {isa = PBXBuildFile; fileRef = 2AA2D15E1FC7054B00D73EA2 /* Assets.xcassets */; };
		2AB6E6431FC74DB900629DBC /* README.txt in Resources */ = {isa = PBXBuildFile; fileRef = 2AB6E61C1FC74DB800629DBC /* README.txt */; };
		2AB6E6441FC74DB900629DBC /* Appfile in Resources */ = {isa = PBXBuildFile; fileRef = 2AB6E61D1FC74DB800629DBC /* Appfile */; };
		2AB6E6461FC74DB900629DBC /* Deliverfile in Resources */ = {isa = PBXBuildFile; fileRef = 2AB6E61F1FC74DB800629DBC /* Deliverfile */; };
		2AB6E6471FC74DB900629DBC /* Fastfile in Resources */ = {isa = PBXBuildFile; fileRef = 2AB6E6201FC74DB800629DBC /* Fastfile */; };
		2AB6E6481FC74DB900629DBC /* copyright.txt in Resources */ = {isa = PBXBuildFile; fileRef = 2AB6E6221FC74DB800629DBC /* copyright.txt */; };
		2AB6E6491FC74DB900629DBC /* address_line1.txt in Resources */ = {isa = PBXBuildFile; fileRef = 2AB6E6241FC74DB800629DBC /* address_line1.txt */; };
		2AB6E64A1FC74DB900629DBC /* country.txt in Resources */ = {isa = PBXBuildFile; fileRef = 2AB6E6251FC74DB800629DBC /* country.txt */; };
		2AB6E64B1FC74DB900629DBC /* city_name.txt in Resources */ = {isa = PBXBuildFile; fileRef = 2AB6E6261FC74DB800629DBC /* city_name.txt */; };
		2AB6E64C1FC74DB900629DBC /* trade_name.txt in Resources */ = {isa = PBXBuildFile; fileRef = 2AB6E6271FC74DB800629DBC /* trade_name.txt */; };
		2AB6E64D1FC74DB900629DBC /* is_displayed_on_app_store.txt in Resources */ = {isa = PBXBuildFile; fileRef = 2AB6E6281FC74DB800629DBC /* is_displayed_on_app_store.txt */; };
		2AB6E64E1FC74DB900629DBC /* postal_code.txt in Resources */ = {isa = PBXBuildFile; fileRef = 2AB6E6291FC74DB800629DBC /* postal_code.txt */; };
		2AB6E64F1FC74DB900629DBC /* secondary_first_sub_category.txt in Resources */ = {isa = PBXBuildFile; fileRef = 2AB6E62A1FC74DB800629DBC /* secondary_first_sub_category.txt */; };
		2AB6E6501FC74DB900629DBC /* secondary_category.txt in Resources */ = {isa = PBXBuildFile; fileRef = 2AB6E62B1FC74DB800629DBC /* secondary_category.txt */; };
		2AB6E6511FC74DB900629DBC /* secondary_second_sub_category.txt in Resources */ = {isa = PBXBuildFile; fileRef = 2AB6E62C1FC74DB800629DBC /* secondary_second_sub_category.txt */; };
		2AB6E6521FC74DB900629DBC /* primary_second_sub_category.txt in Resources */ = {isa = PBXBuildFile; fileRef = 2AB6E62D1FC74DB800629DBC /* primary_second_sub_category.txt */; };
		2AB6E6531FC74DB900629DBC /* phone_number.txt in Resources */ = {isa = PBXBuildFile; fileRef = 2AB6E62F1FC74DB800629DBC /* phone_number.txt */; };
		2AB6E6541FC74DB900629DBC /* demo_user.txt in Resources */ = {isa = PBXBuildFile; fileRef = 2AB6E6301FC74DB800629DBC /* demo_user.txt */; };
		2AB6E6551FC74DB900629DBC /* notes.txt in Resources */ = {isa = PBXBuildFile; fileRef = 2AB6E6311FC74DB800629DBC /* notes.txt */; };
		2AB6E6561FC74DB900629DBC /* email_address.txt in Resources */ = {isa = PBXBuildFile; fileRef = 2AB6E6321FC74DB800629DBC /* email_address.txt */; };
		2AB6E6571FC74DB900629DBC /* last_name.txt in Resources */ = {isa = PBXBuildFile; fileRef = 2AB6E6331FC74DB800629DBC /* last_name.txt */; };
		2AB6E6581FC74DB900629DBC /* first_name.txt in Resources */ = {isa = PBXBuildFile; fileRef = 2AB6E6341FC74DB800629DBC /* first_name.txt */; };
		2AB6E6591FC74DB900629DBC /* demo_password.txt in Resources */ = {isa = PBXBuildFile; fileRef = 2AB6E6351FC74DB800629DBC /* demo_password.txt */; };
		2AB6E65A1FC74DB900629DBC /* primary_first_sub_category.txt in Resources */ = {isa = PBXBuildFile; fileRef = 2AB6E6361FC74DB800629DBC /* primary_first_sub_category.txt */; };
		2AB6E65B1FC74DB900629DBC /* privacy_url.txt in Resources */ = {isa = PBXBuildFile; fileRef = 2AB6E6381FC74DB800629DBC /* privacy_url.txt */; };
		2AB6E65C1FC74DB900629DBC /* subtitle.txt in Resources */ = {isa = PBXBuildFile; fileRef = 2AB6E6391FC74DB800629DBC /* subtitle.txt */; };
		2AB6E65D1FC74DB900629DBC /* support_url.txt in Resources */ = {isa = PBXBuildFile; fileRef = 2AB6E63A1FC74DB800629DBC /* support_url.txt */; };
		2AB6E65E1FC74DB900629DBC /* keywords.txt in Resources */ = {isa = PBXBuildFile; fileRef = 2AB6E63B1FC74DB800629DBC /* keywords.txt */; };
		2AB6E65F1FC74DB900629DBC /* promotional_text.txt in Resources */ = {isa = PBXBuildFile; fileRef = 2AB6E63C1FC74DB800629DBC /* promotional_text.txt */; };
		2AB6E6601FC74DB900629DBC /* release_notes.txt in Resources */ = {isa = PBXBuildFile; fileRef = 2AB6E63D1FC74DB800629DBC /* release_notes.txt */; };
		2AB6E6611FC74DB900629DBC /* name.txt in Resources */ = {isa = PBXBuildFile; fileRef = 2AB6E63E1FC74DB800629DBC /* name.txt */; };
		2AB6E6621FC74DB900629DBC /* marketing_url.txt in Resources */ = {isa = PBXBuildFile; fileRef = 2AB6E63F1FC74DB800629DBC /* marketing_url.txt */; };
		2AB6E6631FC74DB900629DBC /* description.txt in Resources */ = {isa = PBXBuildFile; fileRef = 2AB6E6401FC74DB800629DBC /* description.txt */; };
		2AB6E6641FC74DB900629DBC /* primary_category.txt in Resources */ = {isa = PBXBuildFile; fileRef = 2AB6E6411FC74DB800629DBC /* primary_category.txt */; };
		2AB6E6651FC74DB900629DBC /* Snapfile in Resources */ = {isa = PBXBuildFile; fileRef = 2AB6E6421FC74DB800629DBC /* Snapfile */; };
		2AB6E6701FC74E1C00629DBC /* privacy_url.txt in Resources */ = {isa = PBXBuildFile; fileRef = 2AB6E6671FC74E1C00629DBC /* privacy_url.txt */; };
		2AB6E6711FC74E1C00629DBC /* subtitle.txt in Resources */ = {isa = PBXBuildFile; fileRef = 2AB6E6681FC74E1C00629DBC /* subtitle.txt */; };
		2AB6E6721FC74E1C00629DBC /* support_url.txt in Resources */ = {isa = PBXBuildFile; fileRef = 2AB6E6691FC74E1C00629DBC /* support_url.txt */; };
		2AB6E6731FC74E1C00629DBC /* keywords.txt in Resources */ = {isa = PBXBuildFile; fileRef = 2AB6E66A1FC74E1C00629DBC /* keywords.txt */; };
		2AB6E6741FC74E1C00629DBC /* promotional_text.txt in Resources */ = {isa = PBXBuildFile; fileRef = 2AB6E66B1FC74E1C00629DBC /* promotional_text.txt */; };
		2AB6E6751FC74E1C00629DBC /* release_notes.txt in Resources */ = {isa = PBXBuildFile; fileRef = 2AB6E66C1FC74E1C00629DBC /* release_notes.txt */; };
		2AB6E6761FC74E1C00629DBC /* name.txt in Resources */ = {isa = PBXBuildFile; fileRef = 2AB6E66D1FC74E1C00629DBC /* name.txt */; };
		2AB6E6771FC74E1C00629DBC /* marketing_url.txt in Resources */ = {isa = PBXBuildFile; fileRef = 2AB6E66E1FC74E1C00629DBC /* marketing_url.txt */; };
		2AB6E6781FC74E1C00629DBC /* description.txt in Resources */ = {isa = PBXBuildFile; fileRef = 2AB6E66F1FC74E1C00629DBC /* description.txt */; };
		2AB6E67A1FC74EB400629DBC /* Environment.swift in Sources */ = {isa = PBXBuildFile; fileRef = 2AB6E6791FC74EB400629DBC /* Environment.swift */; };
		2AB6E6821FC7527A00629DBC /* iOS_Snapshot.swift in Sources */ = {isa = PBXBuildFile; fileRef = 2AB6E6811FC7527A00629DBC /* iOS_Snapshot.swift */; };
		2AB6E68A1FC7529900629DBC /* SnapshotHelper.swift in Sources */ = {isa = PBXBuildFile; fileRef = 2AB6E61E1FC74DB800629DBC /* SnapshotHelper.swift */; };
		2AB6E68C1FC78E8800629DBC /* Matchfile in Resources */ = {isa = PBXBuildFile; fileRef = 2AB6E68B1FC78E8800629DBC /* Matchfile */; };
		2ACC4CF11FB9D97C00401B75 /* AppDelegate.swift in Sources */ = {isa = PBXBuildFile; fileRef = 2ACC4CF01FB9D97C00401B75 /* AppDelegate.swift */; };
		2ACC4CF61FB9D97C00401B75 /* Main.storyboard in Resources */ = {isa = PBXBuildFile; fileRef = 2ACC4CF41FB9D97C00401B75 /* Main.storyboard */; };
		2ACC4CFB1FB9D97C00401B75 /* LaunchScreen.storyboard in Resources */ = {isa = PBXBuildFile; fileRef = 2ACC4CF91FB9D97C00401B75 /* LaunchScreen.storyboard */; };
		2ACC4D091FB9DBDC00401B75 /* Strings.swift in Sources */ = {isa = PBXBuildFile; fileRef = 2ACC4D081FB9DBDC00401B75 /* Strings.swift */; };
		2ACC4D0B1FB9DC7B00401B75 /* AppCoordinator.swift in Sources */ = {isa = PBXBuildFile; fileRef = 2ACC4D0A1FB9DC7B00401B75 /* AppCoordinator.swift */; };
		2ACC4D0E1FB9DCB900401B75 /* BaseCoordinator.swift in Sources */ = {isa = PBXBuildFile; fileRef = 2ACC4D0D1FB9DCB900401B75 /* BaseCoordinator.swift */; };
		2ACC4D121FB9DDF600401B75 /* AppointmentListCoordinator.swift in Sources */ = {isa = PBXBuildFile; fileRef = 2ACC4D111FB9DDF600401B75 /* AppointmentListCoordinator.swift */; };
		2ACC4D141FB9DE1E00401B75 /* AppointmentListViewModel.swift in Sources */ = {isa = PBXBuildFile; fileRef = 2ACC4D131FB9DE1E00401B75 /* AppointmentListViewModel.swift */; };
		2ACC4D161FB9DE5000401B75 /* AppointmentListViewController.swift in Sources */ = {isa = PBXBuildFile; fileRef = 2ACC4D151FB9DE5000401B75 /* AppointmentListViewController.swift */; };
		2ACC4D181FB9DF2D00401B75 /* .swiftlint.yml in Resources */ = {isa = PBXBuildFile; fileRef = 2ACC4D171FB9DF2D00401B75 /* .swiftlint.yml */; };
		2ACC4D1A1FB9E27300401B75 /* Constants.swift in Sources */ = {isa = PBXBuildFile; fileRef = 2ACC4D191FB9E27300401B75 /* Constants.swift */; };
		2ACC4D1D1FB9E34700401B75 /* Visit.swift in Sources */ = {isa = PBXBuildFile; fileRef = 2ACC4D1C1FB9E34700401B75 /* Visit.swift */; };
		2ACC4D201FB9F39400401B75 /* String+Contains.swift in Sources */ = {isa = PBXBuildFile; fileRef = 2ACC4D1F1FB9F39400401B75 /* String+Contains.swift */; };
		2ACC4D231FBA07D600401B75 /* AppointmentListSection.swift in Sources */ = {isa = PBXBuildFile; fileRef = 2ACC4D221FBA07D600401B75 /* AppointmentListSection.swift */; };
		2ACC4D261FBA082500401B75 /* WhiteBorderCell.swift in Sources */ = {isa = PBXBuildFile; fileRef = 2ACC4D251FBA082500401B75 /* WhiteBorderCell.swift */; };
		2ACC4D281FBA086300401B75 /* AppointmentCell.swift in Sources */ = {isa = PBXBuildFile; fileRef = 2ACC4D271FBA086300401B75 /* AppointmentCell.swift */; };
		2ACC4D2A1FBA174800401B75 /* TitleCell.swift in Sources */ = {isa = PBXBuildFile; fileRef = 2ACC4D291FBA174800401B75 /* TitleCell.swift */; };
		2ACC4D2C1FBA17B000401B75 /* TitleSectionController.swift in Sources */ = {isa = PBXBuildFile; fileRef = 2ACC4D2B1FBA17B000401B75 /* TitleSectionController.swift */; };
		2ACC4D2E1FBA494F00401B75 /* AppointmentCell.xib in Resources */ = {isa = PBXBuildFile; fileRef = 2ACC4D2D1FBA494F00401B75 /* AppointmentCell.xib */; };
		2ACC4D301FBA4FE600401B75 /* ContactCell.xib in Resources */ = {isa = PBXBuildFile; fileRef = 2ACC4D2F1FBA4FE600401B75 /* ContactCell.xib */; };
		2ACC4D321FBA509100401B75 /* ContactCell.swift in Sources */ = {isa = PBXBuildFile; fileRef = 2ACC4D311FBA509100401B75 /* ContactCell.swift */; };
		498E11EB0D5E1FAFE20B1EB9 /* Pods_SmartNetworking.framework in Frameworks */ = {isa = PBXBuildFile; fileRef = 968318BF54D6888262529A3C /* Pods_SmartNetworking.framework */; };
/* End PBXBuildFile section */

/* Begin PBXContainerItemProxy section */
		2A1388DA1FBBB54000B1C616 /* PBXContainerItemProxy */ = {
			isa = PBXContainerItemProxy;
			containerPortal = 2ACC4CE51FB9D97C00401B75 /* Project object */;
			proxyType = 1;
			remoteGlobalIDString = 2ACC4CEC1FB9D97C00401B75;
			remoteInfo = SmartNetworking;
		};
		2AB6E6841FC7527A00629DBC /* PBXContainerItemProxy */ = {
			isa = PBXContainerItemProxy;
			containerPortal = 2ACC4CE51FB9D97C00401B75 /* Project object */;
			proxyType = 1;
			remoteGlobalIDString = 2ACC4CEC1FB9D97C00401B75;
			remoteInfo = SmartNetworking;
		};
/* End PBXContainerItemProxy section */

/* Begin PBXFileReference section */
		00BADE03F99E03E67B2C3813 /* Pods_SmartNetworkung.framework */ = {isa = PBXFileReference; explicitFileType = wrapper.framework; includeInIndex = 0; path = Pods_SmartNetworkung.framework; sourceTree = BUILT_PRODUCTS_DIR; };
		2A1388D51FBBB54000B1C616 /* iOS Unit Tests.xctest */ = {isa = PBXFileReference; explicitFileType = wrapper.cfbundle; includeInIndex = 0; path = "iOS Unit Tests.xctest"; sourceTree = BUILT_PRODUCTS_DIR; };
		2A1388D91FBBB54000B1C616 /* Info.plist */ = {isa = PBXFileReference; lastKnownFileType = text.plist.xml; path = Info.plist; sourceTree = "<group>"; };
		2A1388E01FBBB61700B1C616 /* VisitHandler.swift */ = {isa = PBXFileReference; lastKnownFileType = sourcecode.swift; path = VisitHandler.swift; sourceTree = "<group>"; };
		2A1388E21FBBBA3800B1C616 /* AppointmentHandlerSpec.swift */ = {isa = PBXFileReference; lastKnownFileType = sourcecode.swift; path = AppointmentHandlerSpec.swift; sourceTree = "<group>"; };
		2A1388E61FBBBE2E00B1C616 /* .travis.yml */ = {isa = PBXFileReference; lastKnownFileType = text; path = .travis.yml; sourceTree = "<group>"; };
		2A4E950F1FBE20D0002DB27D /* ProgressView.swift */ = {isa = PBXFileReference; lastKnownFileType = sourcecode.swift; path = ProgressView.swift; sourceTree = "<group>"; };
		2A4E95111FBE394C002DB27D /* NoVisitsView.swift */ = {isa = PBXFileReference; lastKnownFileType = sourcecode.swift; path = NoVisitsView.swift; sourceTree = "<group>"; };
		2A4E95131FBE4C85002DB27D /* PermissionView.swift */ = {isa = PBXFileReference; lastKnownFileType = sourcecode.swift; path = PermissionView.swift; sourceTree = "<group>"; };
		2A66F5FF1FC639300010E371 /* Base */ = {isa = PBXFileReference; lastKnownFileType = text.plist.strings; name = Base; path = Base.lproj/Localizable.strings; sourceTree = "<group>"; };
		2A66F6011FC639400010E371 /* de */ = {isa = PBXFileReference; lastKnownFileType = text.plist.strings; name = de; path = de.lproj/Main.strings; sourceTree = "<group>"; };
		2A66F6021FC639400010E371 /* de */ = {isa = PBXFileReference; lastKnownFileType = text.plist.strings; name = de; path = de.lproj/LaunchScreen.strings; sourceTree = "<group>"; };
		2A66F6031FC639400010E371 /* de */ = {isa = PBXFileReference; lastKnownFileType = text.plist.strings; name = de; path = de.lproj/Localizable.strings; sourceTree = "<group>"; };
		2A66F6051FC63C770010E371 /* Base */ = {isa = PBXFileReference; lastKnownFileType = text.plist.strings; name = Base; path = Base.lproj/InfoPlist.strings; sourceTree = "<group>"; };
		2A66F6071FC63C7B0010E371 /* de */ = {isa = PBXFileReference; lastKnownFileType = text.plist.strings; name = de; path = de.lproj/InfoPlist.strings; sourceTree = "<group>"; };
		2AA2D15E1FC7054B00D73EA2 /* Assets.xcassets */ = {isa = PBXFileReference; lastKnownFileType = folder.assetcatalog; path = Assets.xcassets; sourceTree = "<group>"; };
		2AB6E61C1FC74DB800629DBC /* README.txt */ = {isa = PBXFileReference; fileEncoding = 4; lastKnownFileType = text; path = README.txt; sourceTree = "<group>"; };
		2AB6E61D1FC74DB800629DBC /* Appfile */ = {isa = PBXFileReference; fileEncoding = 4; lastKnownFileType = text; path = Appfile; sourceTree = "<group>"; };
		2AB6E61E1FC74DB800629DBC /* SnapshotHelper.swift */ = {isa = PBXFileReference; fileEncoding = 4; lastKnownFileType = sourcecode.swift; path = SnapshotHelper.swift; sourceTree = "<group>"; };
		2AB6E61F1FC74DB800629DBC /* Deliverfile */ = {isa = PBXFileReference; fileEncoding = 4; lastKnownFileType = text; path = Deliverfile; sourceTree = "<group>"; };
		2AB6E6201FC74DB800629DBC /* Fastfile */ = {isa = PBXFileReference; fileEncoding = 4; lastKnownFileType = text; path = Fastfile; sourceTree = "<group>"; };
		2AB6E6221FC74DB800629DBC /* copyright.txt */ = {isa = PBXFileReference; fileEncoding = 4; lastKnownFileType = text; path = copyright.txt; sourceTree = "<group>"; };
		2AB6E6241FC74DB800629DBC /* address_line1.txt */ = {isa = PBXFileReference; fileEncoding = 4; lastKnownFileType = text; path = address_line1.txt; sourceTree = "<group>"; };
		2AB6E6251FC74DB800629DBC /* country.txt */ = {isa = PBXFileReference; fileEncoding = 4; lastKnownFileType = text; path = country.txt; sourceTree = "<group>"; };
		2AB6E6261FC74DB800629DBC /* city_name.txt */ = {isa = PBXFileReference; fileEncoding = 4; lastKnownFileType = text; path = city_name.txt; sourceTree = "<group>"; };
		2AB6E6271FC74DB800629DBC /* trade_name.txt */ = {isa = PBXFileReference; fileEncoding = 4; lastKnownFileType = text; path = trade_name.txt; sourceTree = "<group>"; };
		2AB6E6281FC74DB800629DBC /* is_displayed_on_app_store.txt */ = {isa = PBXFileReference; fileEncoding = 4; lastKnownFileType = text; path = is_displayed_on_app_store.txt; sourceTree = "<group>"; };
		2AB6E6291FC74DB800629DBC /* postal_code.txt */ = {isa = PBXFileReference; fileEncoding = 4; lastKnownFileType = text; path = postal_code.txt; sourceTree = "<group>"; };
		2AB6E62A1FC74DB800629DBC /* secondary_first_sub_category.txt */ = {isa = PBXFileReference; fileEncoding = 4; lastKnownFileType = text; path = secondary_first_sub_category.txt; sourceTree = "<group>"; };
		2AB6E62B1FC74DB800629DBC /* secondary_category.txt */ = {isa = PBXFileReference; fileEncoding = 4; lastKnownFileType = text; path = secondary_category.txt; sourceTree = "<group>"; };
		2AB6E62C1FC74DB800629DBC /* secondary_second_sub_category.txt */ = {isa = PBXFileReference; fileEncoding = 4; lastKnownFileType = text; path = secondary_second_sub_category.txt; sourceTree = "<group>"; };
		2AB6E62D1FC74DB800629DBC /* primary_second_sub_category.txt */ = {isa = PBXFileReference; fileEncoding = 4; lastKnownFileType = text; path = primary_second_sub_category.txt; sourceTree = "<group>"; };
		2AB6E62F1FC74DB800629DBC /* phone_number.txt */ = {isa = PBXFileReference; fileEncoding = 4; lastKnownFileType = text; path = phone_number.txt; sourceTree = "<group>"; };
		2AB6E6301FC74DB800629DBC /* demo_user.txt */ = {isa = PBXFileReference; fileEncoding = 4; lastKnownFileType = text; path = demo_user.txt; sourceTree = "<group>"; };
		2AB6E6311FC74DB800629DBC /* notes.txt */ = {isa = PBXFileReference; fileEncoding = 4; lastKnownFileType = text; path = notes.txt; sourceTree = "<group>"; };
		2AB6E6321FC74DB800629DBC /* email_address.txt */ = {isa = PBXFileReference; fileEncoding = 4; lastKnownFileType = text; path = email_address.txt; sourceTree = "<group>"; };
		2AB6E6331FC74DB800629DBC /* last_name.txt */ = {isa = PBXFileReference; fileEncoding = 4; lastKnownFileType = text; path = last_name.txt; sourceTree = "<group>"; };
		2AB6E6341FC74DB800629DBC /* first_name.txt */ = {isa = PBXFileReference; fileEncoding = 4; lastKnownFileType = text; path = first_name.txt; sourceTree = "<group>"; };
		2AB6E6351FC74DB800629DBC /* demo_password.txt */ = {isa = PBXFileReference; fileEncoding = 4; lastKnownFileType = text; path = demo_password.txt; sourceTree = "<group>"; };
		2AB6E6361FC74DB800629DBC /* primary_first_sub_category.txt */ = {isa = PBXFileReference; fileEncoding = 4; lastKnownFileType = text; path = primary_first_sub_category.txt; sourceTree = "<group>"; };
		2AB6E6381FC74DB800629DBC /* privacy_url.txt */ = {isa = PBXFileReference; fileEncoding = 4; lastKnownFileType = text; path = privacy_url.txt; sourceTree = "<group>"; };
		2AB6E6391FC74DB800629DBC /* subtitle.txt */ = {isa = PBXFileReference; fileEncoding = 4; lastKnownFileType = text; path = subtitle.txt; sourceTree = "<group>"; };
		2AB6E63A1FC74DB800629DBC /* support_url.txt */ = {isa = PBXFileReference; fileEncoding = 4; lastKnownFileType = text; path = support_url.txt; sourceTree = "<group>"; };
		2AB6E63B1FC74DB800629DBC /* keywords.txt */ = {isa = PBXFileReference; fileEncoding = 4; lastKnownFileType = text; path = keywords.txt; sourceTree = "<group>"; };
		2AB6E63C1FC74DB800629DBC /* promotional_text.txt */ = {isa = PBXFileReference; fileEncoding = 4; lastKnownFileType = text; path = promotional_text.txt; sourceTree = "<group>"; };
		2AB6E63D1FC74DB800629DBC /* release_notes.txt */ = {isa = PBXFileReference; fileEncoding = 4; lastKnownFileType = text; path = release_notes.txt; sourceTree = "<group>"; };
		2AB6E63E1FC74DB800629DBC /* name.txt */ = {isa = PBXFileReference; fileEncoding = 4; lastKnownFileType = text; path = name.txt; sourceTree = "<group>"; };
		2AB6E63F1FC74DB800629DBC /* marketing_url.txt */ = {isa = PBXFileReference; fileEncoding = 4; lastKnownFileType = text; path = marketing_url.txt; sourceTree = "<group>"; };
		2AB6E6401FC74DB800629DBC /* description.txt */ = {isa = PBXFileReference; fileEncoding = 4; lastKnownFileType = text; path = description.txt; sourceTree = "<group>"; };
		2AB6E6411FC74DB800629DBC /* primary_category.txt */ = {isa = PBXFileReference; fileEncoding = 4; lastKnownFileType = text; path = primary_category.txt; sourceTree = "<group>"; };
		2AB6E6421FC74DB800629DBC /* Snapfile */ = {isa = PBXFileReference; fileEncoding = 4; lastKnownFileType = text; path = Snapfile; sourceTree = "<group>"; };
		2AB6E6671FC74E1C00629DBC /* privacy_url.txt */ = {isa = PBXFileReference; fileEncoding = 4; lastKnownFileType = text; path = privacy_url.txt; sourceTree = "<group>"; };
		2AB6E6681FC74E1C00629DBC /* subtitle.txt */ = {isa = PBXFileReference; fileEncoding = 4; lastKnownFileType = text; path = subtitle.txt; sourceTree = "<group>"; };
		2AB6E6691FC74E1C00629DBC /* support_url.txt */ = {isa = PBXFileReference; fileEncoding = 4; lastKnownFileType = text; path = support_url.txt; sourceTree = "<group>"; };
		2AB6E66A1FC74E1C00629DBC /* keywords.txt */ = {isa = PBXFileReference; fileEncoding = 4; lastKnownFileType = text; path = keywords.txt; sourceTree = "<group>"; };
		2AB6E66B1FC74E1C00629DBC /* promotional_text.txt */ = {isa = PBXFileReference; fileEncoding = 4; lastKnownFileType = text; path = promotional_text.txt; sourceTree = "<group>"; };
		2AB6E66C1FC74E1C00629DBC /* release_notes.txt */ = {isa = PBXFileReference; fileEncoding = 4; lastKnownFileType = text; path = release_notes.txt; sourceTree = "<group>"; };
		2AB6E66D1FC74E1C00629DBC /* name.txt */ = {isa = PBXFileReference; fileEncoding = 4; lastKnownFileType = text; path = name.txt; sourceTree = "<group>"; };
		2AB6E66E1FC74E1C00629DBC /* marketing_url.txt */ = {isa = PBXFileReference; fileEncoding = 4; lastKnownFileType = text; path = marketing_url.txt; sourceTree = "<group>"; };
		2AB6E66F1FC74E1C00629DBC /* description.txt */ = {isa = PBXFileReference; fileEncoding = 4; lastKnownFileType = text; path = description.txt; sourceTree = "<group>"; };
		2AB6E6791FC74EB400629DBC /* Environment.swift */ = {isa = PBXFileReference; lastKnownFileType = sourcecode.swift; path = Environment.swift; sourceTree = "<group>"; };
		2AB6E67F1FC7527A00629DBC /* iOS Snapshot.xctest */ = {isa = PBXFileReference; explicitFileType = wrapper.cfbundle; includeInIndex = 0; path = "iOS Snapshot.xctest"; sourceTree = BUILT_PRODUCTS_DIR; };
		2AB6E6811FC7527A00629DBC /* iOS_Snapshot.swift */ = {isa = PBXFileReference; lastKnownFileType = sourcecode.swift; path = iOS_Snapshot.swift; sourceTree = "<group>"; };
		2AB6E6831FC7527A00629DBC /* Info.plist */ = {isa = PBXFileReference; lastKnownFileType = text.plist.xml; path = Info.plist; sourceTree = "<group>"; };
		2AB6E68B1FC78E8800629DBC /* Matchfile */ = {isa = PBXFileReference; lastKnownFileType = text; path = Matchfile; sourceTree = "<group>"; };
		2ACC4CED1FB9D97C00401B75 /* SmartNetworking.app */ = {isa = PBXFileReference; explicitFileType = wrapper.application; includeInIndex = 0; path = SmartNetworking.app; sourceTree = BUILT_PRODUCTS_DIR; };
		2ACC4CF01FB9D97C00401B75 /* AppDelegate.swift */ = {isa = PBXFileReference; lastKnownFileType = sourcecode.swift; path = AppDelegate.swift; sourceTree = "<group>"; };
		2ACC4CF51FB9D97C00401B75 /* Base */ = {isa = PBXFileReference; lastKnownFileType = file.storyboard; name = Base; path = Base.lproj/Main.storyboard; sourceTree = "<group>"; };
		2ACC4CFA1FB9D97C00401B75 /* Base */ = {isa = PBXFileReference; lastKnownFileType = file.storyboard; name = Base; path = Base.lproj/LaunchScreen.storyboard; sourceTree = "<group>"; };
		2ACC4CFC1FB9D97C00401B75 /* Info.plist */ = {isa = PBXFileReference; lastKnownFileType = text.plist.xml; path = Info.plist; sourceTree = "<group>"; };
		2ACC4D081FB9DBDC00401B75 /* Strings.swift */ = {isa = PBXFileReference; lastKnownFileType = sourcecode.swift; path = Strings.swift; sourceTree = "<group>"; };
		2ACC4D0A1FB9DC7B00401B75 /* AppCoordinator.swift */ = {isa = PBXFileReference; lastKnownFileType = sourcecode.swift; path = AppCoordinator.swift; sourceTree = "<group>"; };
		2ACC4D0D1FB9DCB900401B75 /* BaseCoordinator.swift */ = {isa = PBXFileReference; lastKnownFileType = sourcecode.swift; path = BaseCoordinator.swift; sourceTree = "<group>"; };
		2ACC4D111FB9DDF600401B75 /* AppointmentListCoordinator.swift */ = {isa = PBXFileReference; lastKnownFileType = sourcecode.swift; path = AppointmentListCoordinator.swift; sourceTree = "<group>"; };
		2ACC4D131FB9DE1E00401B75 /* AppointmentListViewModel.swift */ = {isa = PBXFileReference; lastKnownFileType = sourcecode.swift; path = AppointmentListViewModel.swift; sourceTree = "<group>"; };
		2ACC4D151FB9DE5000401B75 /* AppointmentListViewController.swift */ = {isa = PBXFileReference; lastKnownFileType = sourcecode.swift; path = AppointmentListViewController.swift; sourceTree = "<group>"; };
		2ACC4D171FB9DF2D00401B75 /* .swiftlint.yml */ = {isa = PBXFileReference; lastKnownFileType = text; path = .swiftlint.yml; sourceTree = "<group>"; };
		2ACC4D191FB9E27300401B75 /* Constants.swift */ = {isa = PBXFileReference; lastKnownFileType = sourcecode.swift; path = Constants.swift; sourceTree = "<group>"; };
		2ACC4D1C1FB9E34700401B75 /* Visit.swift */ = {isa = PBXFileReference; lastKnownFileType = sourcecode.swift; path = Visit.swift; sourceTree = "<group>"; };
		2ACC4D1F1FB9F39400401B75 /* String+Contains.swift */ = {isa = PBXFileReference; lastKnownFileType = sourcecode.swift; path = "String+Contains.swift"; sourceTree = "<group>"; };
		2ACC4D221FBA07D600401B75 /* AppointmentListSection.swift */ = {isa = PBXFileReference; lastKnownFileType = sourcecode.swift; path = AppointmentListSection.swift; sourceTree = "<group>"; };
		2ACC4D251FBA082500401B75 /* WhiteBorderCell.swift */ = {isa = PBXFileReference; lastKnownFileType = sourcecode.swift; path = WhiteBorderCell.swift; sourceTree = "<group>"; };
		2ACC4D271FBA086300401B75 /* AppointmentCell.swift */ = {isa = PBXFileReference; lastKnownFileType = sourcecode.swift; path = AppointmentCell.swift; sourceTree = "<group>"; };
		2ACC4D291FBA174800401B75 /* TitleCell.swift */ = {isa = PBXFileReference; lastKnownFileType = sourcecode.swift; path = TitleCell.swift; sourceTree = "<group>"; };
		2ACC4D2B1FBA17B000401B75 /* TitleSectionController.swift */ = {isa = PBXFileReference; lastKnownFileType = sourcecode.swift; path = TitleSectionController.swift; sourceTree = "<group>"; };
		2ACC4D2D1FBA494F00401B75 /* AppointmentCell.xib */ = {isa = PBXFileReference; lastKnownFileType = file.xib; path = AppointmentCell.xib; sourceTree = "<group>"; };
		2ACC4D2F1FBA4FE600401B75 /* ContactCell.xib */ = {isa = PBXFileReference; lastKnownFileType = file.xib; path = ContactCell.xib; sourceTree = "<group>"; };
		2ACC4D311FBA509100401B75 /* ContactCell.swift */ = {isa = PBXFileReference; lastKnownFileType = sourcecode.swift; path = ContactCell.swift; sourceTree = "<group>"; };
		4554AA7447E441B080631E9D /* Pods-SmartNetworking.release.xcconfig */ = {isa = PBXFileReference; includeInIndex = 1; lastKnownFileType = text.xcconfig; name = "Pods-SmartNetworking.release.xcconfig"; path = "Pods/Target Support Files/Pods-SmartNetworking/Pods-SmartNetworking.release.xcconfig"; sourceTree = "<group>"; };
		4631463E9A6F5711657DF4D6 /* Pods-SmartNetworking.debug.xcconfig */ = {isa = PBXFileReference; includeInIndex = 1; lastKnownFileType = text.xcconfig; name = "Pods-SmartNetworking.debug.xcconfig"; path = "Pods/Target Support Files/Pods-SmartNetworking/Pods-SmartNetworking.debug.xcconfig"; sourceTree = "<group>"; };
		968318BF54D6888262529A3C /* Pods_SmartNetworking.framework */ = {isa = PBXFileReference; explicitFileType = wrapper.framework; includeInIndex = 0; path = Pods_SmartNetworking.framework; sourceTree = BUILT_PRODUCTS_DIR; };
		9DE1AABC93EE7CE312F52863 /* Pods-SmartNetworkung.release.xcconfig */ = {isa = PBXFileReference; includeInIndex = 1; lastKnownFileType = text.xcconfig; name = "Pods-SmartNetworkung.release.xcconfig"; path = "Pods/Target Support Files/Pods-SmartNetworkung/Pods-SmartNetworkung.release.xcconfig"; sourceTree = "<group>"; };
		A593B79A4803E7C9B7DF5E6B /* Pods-iOS Unit Tests.release.xcconfig */ = {isa = PBXFileReference; includeInIndex = 1; lastKnownFileType = text.xcconfig; name = "Pods-iOS Unit Tests.release.xcconfig"; path = "Pods/Target Support Files/Pods-iOS Unit Tests/Pods-iOS Unit Tests.release.xcconfig"; sourceTree = "<group>"; };
		E8294C1C8C720E815A999F28 /* Pods-iOS Unit Tests.debug.xcconfig */ = {isa = PBXFileReference; includeInIndex = 1; lastKnownFileType = text.xcconfig; name = "Pods-iOS Unit Tests.debug.xcconfig"; path = "Pods/Target Support Files/Pods-iOS Unit Tests/Pods-iOS Unit Tests.debug.xcconfig"; sourceTree = "<group>"; };
		EE9195FC81516BC7D6D7FAFA /* Pods_iOS_Unit_Tests.framework */ = {isa = PBXFileReference; explicitFileType = wrapper.framework; includeInIndex = 0; path = Pods_iOS_Unit_Tests.framework; sourceTree = BUILT_PRODUCTS_DIR; };
		F23D361C116A39C0118690F8 /* Pods-SmartNetworkung.debug.xcconfig */ = {isa = PBXFileReference; includeInIndex = 1; lastKnownFileType = text.xcconfig; name = "Pods-SmartNetworkung.debug.xcconfig"; path = "Pods/Target Support Files/Pods-SmartNetworkung/Pods-SmartNetworkung.debug.xcconfig"; sourceTree = "<group>"; };
/* End PBXFileReference section */

/* Begin PBXFrameworksBuildPhase section */
		2A1388D21FBBB54000B1C616 /* Frameworks */ = {
			isa = PBXFrameworksBuildPhase;
			buildActionMask = 2147483647;
			files = (
				1F3AF6B7559C292EF249D855 /* Pods_iOS_Unit_Tests.framework in Frameworks */,
			);
			runOnlyForDeploymentPostprocessing = 0;
		};
		2AB6E67C1FC7527A00629DBC /* Frameworks */ = {
			isa = PBXFrameworksBuildPhase;
			buildActionMask = 2147483647;
			files = (
			);
			runOnlyForDeploymentPostprocessing = 0;
		};
		2ACC4CEA1FB9D97C00401B75 /* Frameworks */ = {
			isa = PBXFrameworksBuildPhase;
			buildActionMask = 2147483647;
			files = (
				498E11EB0D5E1FAFE20B1EB9 /* Pods_SmartNetworking.framework in Frameworks */,
			);
			runOnlyForDeploymentPostprocessing = 0;
		};
/* End PBXFrameworksBuildPhase section */

/* Begin PBXGroup section */
		2A1388DF1FBBB54800B1C616 /* Unit */ = {
			isa = PBXGroup;
			children = (
				2A1388D91FBBB54000B1C616 /* Info.plist */,
				2A1388E21FBBBA3800B1C616 /* AppointmentHandlerSpec.swift */,
			);
			path = Unit;
			sourceTree = "<group>";
		};
		2A606DF11FC998EC0053B81B /* Coordinator */ = {
			isa = PBXGroup;
			children = (
				2ACC4D0D1FB9DCB900401B75 /* BaseCoordinator.swift */,
			);
			path = Coordinator;
			sourceTree = "<group>";
		};
		2A606DF21FC999010053B81B /* Constants */ = {
			isa = PBXGroup;
			children = (
				2AB6E6791FC74EB400629DBC /* Environment.swift */,
			);
			path = Constants;
			sourceTree = "<group>";
		};
		2AB6E61A1FC74DB800629DBC /* fastlane */ = {
			isa = PBXGroup;
			children = (
				2AB6E61B1FC74DB800629DBC /* screenshots */,
				2AB6E61D1FC74DB800629DBC /* Appfile */,
				2AB6E61E1FC74DB800629DBC /* SnapshotHelper.swift */,
				2AB6E61F1FC74DB800629DBC /* Deliverfile */,
				2AB6E6201FC74DB800629DBC /* Fastfile */,
				2AB6E6211FC74DB800629DBC /* metadata */,
				2AB6E6421FC74DB800629DBC /* Snapfile */,
				2AB6E68B1FC78E8800629DBC /* Matchfile */,
			);
			path = fastlane;
			sourceTree = "<group>";
		};
		2AB6E61B1FC74DB800629DBC /* screenshots */ = {
			isa = PBXGroup;
			children = (
				2AB6E61C1FC74DB800629DBC /* README.txt */,
			);
			path = screenshots;
			sourceTree = "<group>";
		};
		2AB6E6211FC74DB800629DBC /* metadata */ = {
			isa = PBXGroup;
			children = (
				2AB6E6661FC74E1C00629DBC /* de-DE */,
				2AB6E6371FC74DB800629DBC /* en-US */,
				2AB6E6221FC74DB800629DBC /* copyright.txt */,
				2AB6E6231FC74DB800629DBC /* trade_representative_contact_information */,
				2AB6E62A1FC74DB800629DBC /* secondary_first_sub_category.txt */,
				2AB6E62B1FC74DB800629DBC /* secondary_category.txt */,
				2AB6E62C1FC74DB800629DBC /* secondary_second_sub_category.txt */,
				2AB6E62D1FC74DB800629DBC /* primary_second_sub_category.txt */,
				2AB6E62E1FC74DB800629DBC /* review_information */,
				2AB6E6361FC74DB800629DBC /* primary_first_sub_category.txt */,
				2AB6E6411FC74DB800629DBC /* primary_category.txt */,
			);
			path = metadata;
			sourceTree = "<group>";
		};
		2AB6E6231FC74DB800629DBC /* trade_representative_contact_information */ = {
			isa = PBXGroup;
			children = (
				2AB6E6241FC74DB800629DBC /* address_line1.txt */,
				2AB6E6251FC74DB800629DBC /* country.txt */,
				2AB6E6261FC74DB800629DBC /* city_name.txt */,
				2AB6E6271FC74DB800629DBC /* trade_name.txt */,
				2AB6E6281FC74DB800629DBC /* is_displayed_on_app_store.txt */,
				2AB6E6291FC74DB800629DBC /* postal_code.txt */,
			);
			path = trade_representative_contact_information;
			sourceTree = "<group>";
		};
		2AB6E62E1FC74DB800629DBC /* review_information */ = {
			isa = PBXGroup;
			children = (
				2AB6E62F1FC74DB800629DBC /* phone_number.txt */,
				2AB6E6301FC74DB800629DBC /* demo_user.txt */,
				2AB6E6311FC74DB800629DBC /* notes.txt */,
				2AB6E6321FC74DB800629DBC /* email_address.txt */,
				2AB6E6331FC74DB800629DBC /* last_name.txt */,
				2AB6E6341FC74DB800629DBC /* first_name.txt */,
				2AB6E6351FC74DB800629DBC /* demo_password.txt */,
			);
			path = review_information;
			sourceTree = "<group>";
		};
		2AB6E6371FC74DB800629DBC /* en-US */ = {
			isa = PBXGroup;
			children = (
				2AB6E6381FC74DB800629DBC /* privacy_url.txt */,
				2AB6E6391FC74DB800629DBC /* subtitle.txt */,
				2AB6E63A1FC74DB800629DBC /* support_url.txt */,
				2AB6E63B1FC74DB800629DBC /* keywords.txt */,
				2AB6E63C1FC74DB800629DBC /* promotional_text.txt */,
				2AB6E63D1FC74DB800629DBC /* release_notes.txt */,
				2AB6E63E1FC74DB800629DBC /* name.txt */,
				2AB6E63F1FC74DB800629DBC /* marketing_url.txt */,
				2AB6E6401FC74DB800629DBC /* description.txt */,
			);
			path = "en-US";
			sourceTree = "<group>";
		};
		2AB6E6661FC74E1C00629DBC /* de-DE */ = {
			isa = PBXGroup;
			children = (
				2AB6E6671FC74E1C00629DBC /* privacy_url.txt */,
				2AB6E6681FC74E1C00629DBC /* subtitle.txt */,
				2AB6E6691FC74E1C00629DBC /* support_url.txt */,
				2AB6E66A1FC74E1C00629DBC /* keywords.txt */,
				2AB6E66B1FC74E1C00629DBC /* promotional_text.txt */,
				2AB6E66C1FC74E1C00629DBC /* release_notes.txt */,
				2AB6E66D1FC74E1C00629DBC /* name.txt */,
				2AB6E66E1FC74E1C00629DBC /* marketing_url.txt */,
				2AB6E66F1FC74E1C00629DBC /* description.txt */,
			);
			path = "de-DE";
			sourceTree = "<group>";
		};
		2AB6E6891FC7528500629DBC /* UI Snapshot */ = {
			isa = PBXGroup;
			children = (
				2AB6E6811FC7527A00629DBC /* iOS_Snapshot.swift */,
				2AB6E6831FC7527A00629DBC /* Info.plist */,
			);
			path = "UI Snapshot";
			sourceTree = "<group>";
		};
		2ACC4CE41FB9D97C00401B75 = {
			isa = PBXGroup;
			children = (
				2A1388E61FBBBE2E00B1C616 /* .travis.yml */,
				2ACC4D171FB9DF2D00401B75 /* .swiftlint.yml */,
				2AB6E61A1FC74DB800629DBC /* fastlane */,
				2ACC4D021FB9DABB00401B75 /* iOS */,
				2ACC4CEE1FB9D97C00401B75 /* Products */,
				39670396D9A76D05FA5228FA /* Pods */,
				4501C2A9CC7FD1BA774B3E7B /* Frameworks */,
			);
			sourceTree = "<group>";
		};
		2ACC4CEE1FB9D97C00401B75 /* Products */ = {
			isa = PBXGroup;
			children = (
				2ACC4CED1FB9D97C00401B75 /* SmartNetworking.app */,
				2A1388D51FBBB54000B1C616 /* iOS Unit Tests.xctest */,
				2AB6E67F1FC7527A00629DBC /* iOS Snapshot.xctest */,
			);
			name = Products;
			sourceTree = "<group>";
		};
		2ACC4D021FB9DABB00401B75 /* iOS */ = {
			isa = PBXGroup;
			children = (
				2ACC4D041FB9DAC400401B75 /* Application */,
				2ACC4D031FB9DABF00401B75 /* Tests */,
			);
			path = iOS;
			sourceTree = "<group>";
		};
		2ACC4D031FB9DABF00401B75 /* Tests */ = {
			isa = PBXGroup;
			children = (
				2AB6E6891FC7528500629DBC /* UI Snapshot */,
				2A1388DF1FBBB54800B1C616 /* Unit */,
			);
			path = Tests;
			sourceTree = "<group>";
		};
		2ACC4D041FB9DAC400401B75 /* Application */ = {
			isa = PBXGroup;
			children = (
				2ACC4D061FB9DAD200401B75 /* Assets */,
				2ACC4D051FB9DACD00401B75 /* Source */,
			);
			path = Application;
			sourceTree = "<group>";
		};
		2ACC4D051FB9DACD00401B75 /* Source */ = {
			isa = PBXGroup;
			children = (
				2ACC4D241FBA081C00401B75 /* Views */,
				2ACC4D211FBA07C500401B75 /* Sections */,
				2ACC4D1B1FB9E33800401B75 /* Models */,
				2ACC4D101FB9DD7900401B75 /* Scenes */,
				2ACC4D0C1FB9DCA800401B75 /* Foundation */,
				2ACC4D071FB9DBD400401B75 /* Constants */,
				2ACC4CF01FB9D97C00401B75 /* AppDelegate.swift */,
				2ACC4D0A1FB9DC7B00401B75 /* AppCoordinator.swift */,
			);
			path = Source;
			sourceTree = "<group>";
		};
		2ACC4D061FB9DAD200401B75 /* Assets */ = {
			isa = PBXGroup;
			children = (
				2AA2D15E1FC7054B00D73EA2 /* Assets.xcassets */,
				2ACC4CF41FB9D97C00401B75 /* Main.storyboard */,
				2ACC4CF91FB9D97C00401B75 /* LaunchScreen.storyboard */,
				2ACC4CFC1FB9D97C00401B75 /* Info.plist */,
				2A66F5FE1FC639300010E371 /* Localizable.strings */,
				2A66F6041FC63C770010E371 /* InfoPlist.strings */,
			);
			path = Assets;
			sourceTree = "<group>";
		};
		2ACC4D071FB9DBD400401B75 /* Constants */ = {
			isa = PBXGroup;
			children = (
				2ACC4D081FB9DBDC00401B75 /* Strings.swift */,
				2ACC4D191FB9E27300401B75 /* Constants.swift */,
			);
			path = Constants;
			sourceTree = "<group>";
		};
		2ACC4D0C1FB9DCA800401B75 /* Foundation */ = {
			isa = PBXGroup;
			children = (
				2A606DF21FC999010053B81B /* Constants */,
				2ACC4D1E1FB9F38800401B75 /* Extensions */,
				2A606DF11FC998EC0053B81B /* Coordinator */,
			);
			path = Foundation;
			sourceTree = "<group>";
		};
		2ACC4D101FB9DD7900401B75 /* Scenes */ = {
			isa = PBXGroup;
			children = (
				2ACC4D111FB9DDF600401B75 /* AppointmentListCoordinator.swift */,
				2ACC4D131FB9DE1E00401B75 /* AppointmentListViewModel.swift */,
				2ACC4D151FB9DE5000401B75 /* AppointmentListViewController.swift */,
			);
			path = Scenes;
			sourceTree = "<group>";
		};
		2ACC4D1B1FB9E33800401B75 /* Models */ = {
			isa = PBXGroup;
			children = (
				2ACC4D1C1FB9E34700401B75 /* Visit.swift */,
				2A1388E01FBBB61700B1C616 /* VisitHandler.swift */,
			);
			path = Models;
			sourceTree = "<group>";
		};
		2ACC4D1E1FB9F38800401B75 /* Extensions */ = {
			isa = PBXGroup;
			children = (
				2ACC4D1F1FB9F39400401B75 /* String+Contains.swift */,
			);
			path = Extensions;
			sourceTree = "<group>";
		};
		2ACC4D211FBA07C500401B75 /* Sections */ = {
			isa = PBXGroup;
			children = (
				2ACC4D221FBA07D600401B75 /* AppointmentListSection.swift */,
				2ACC4D2B1FBA17B000401B75 /* TitleSectionController.swift */,
			);
			path = Sections;
			sourceTree = "<group>";
		};
		2ACC4D241FBA081C00401B75 /* Views */ = {
			isa = PBXGroup;
			children = (
				2ACC4D251FBA082500401B75 /* WhiteBorderCell.swift */,
				2ACC4D2D1FBA494F00401B75 /* AppointmentCell.xib */,
				2ACC4D271FBA086300401B75 /* AppointmentCell.swift */,
				2ACC4D2F1FBA4FE600401B75 /* ContactCell.xib */,
				2ACC4D311FBA509100401B75 /* ContactCell.swift */,
				2ACC4D291FBA174800401B75 /* TitleCell.swift */,
				2A4E950F1FBE20D0002DB27D /* ProgressView.swift */,
				2A4E95111FBE394C002DB27D /* NoVisitsView.swift */,
				2A4E95131FBE4C85002DB27D /* PermissionView.swift */,
			);
			path = Views;
			sourceTree = "<group>";
		};
		39670396D9A76D05FA5228FA /* Pods */ = {
			isa = PBXGroup;
			children = (
				F23D361C116A39C0118690F8 /* Pods-SmartNetworkung.debug.xcconfig */,
				9DE1AABC93EE7CE312F52863 /* Pods-SmartNetworkung.release.xcconfig */,
				4631463E9A6F5711657DF4D6 /* Pods-SmartNetworking.debug.xcconfig */,
				4554AA7447E441B080631E9D /* Pods-SmartNetworking.release.xcconfig */,
				E8294C1C8C720E815A999F28 /* Pods-iOS Unit Tests.debug.xcconfig */,
				A593B79A4803E7C9B7DF5E6B /* Pods-iOS Unit Tests.release.xcconfig */,
			);
			name = Pods;
			sourceTree = "<group>";
		};
		4501C2A9CC7FD1BA774B3E7B /* Frameworks */ = {
			isa = PBXGroup;
			children = (
				00BADE03F99E03E67B2C3813 /* Pods_SmartNetworkung.framework */,
				968318BF54D6888262529A3C /* Pods_SmartNetworking.framework */,
				EE9195FC81516BC7D6D7FAFA /* Pods_iOS_Unit_Tests.framework */,
			);
			name = Frameworks;
			sourceTree = "<group>";
		};
/* End PBXGroup section */

/* Begin PBXNativeTarget section */
		2A1388D41FBBB54000B1C616 /* iOS Unit Tests */ = {
			isa = PBXNativeTarget;
			buildConfigurationList = 2A1388DE1FBBB54000B1C616 /* Build configuration list for PBXNativeTarget "iOS Unit Tests" */;
			buildPhases = (
				61BF1D2E960989576059A778 /* [CP] Check Pods Manifest.lock */,
				2A1388D11FBBB54000B1C616 /* Sources */,
				2A1388D21FBBB54000B1C616 /* Frameworks */,
				2A1388D31FBBB54000B1C616 /* Resources */,
				1219EA60B0729A9F4C1D826F /* [CP] Embed Pods Frameworks */,
				AE0C375882B3C9FE12958FB2 /* [CP] Copy Pods Resources */,
			);
			buildRules = (
			);
			dependencies = (
				2A1388DB1FBBB54000B1C616 /* PBXTargetDependency */,
			);
			name = "iOS Unit Tests";
			productName = "iOS Unit Tests";
			productReference = 2A1388D51FBBB54000B1C616 /* iOS Unit Tests.xctest */;
			productType = "com.apple.product-type.bundle.unit-test";
		};
		2AB6E67E1FC7527A00629DBC /* iOS Snapshot */ = {
			isa = PBXNativeTarget;
			buildConfigurationList = 2AB6E6861FC7527A00629DBC /* Build configuration list for PBXNativeTarget "iOS Snapshot" */;
			buildPhases = (
				2AB6E67B1FC7527A00629DBC /* Sources */,
				2AB6E67C1FC7527A00629DBC /* Frameworks */,
				2AB6E67D1FC7527A00629DBC /* Resources */,
			);
			buildRules = (
			);
			dependencies = (
				2AB6E6851FC7527A00629DBC /* PBXTargetDependency */,
			);
			name = "iOS Snapshot";
			productName = "iOS Snapshot";
			productReference = 2AB6E67F1FC7527A00629DBC /* iOS Snapshot.xctest */;
			productType = "com.apple.product-type.bundle.ui-testing";
		};
		2ACC4CEC1FB9D97C00401B75 /* SmartNetworking */ = {
			isa = PBXNativeTarget;
			buildConfigurationList = 2ACC4CFF1FB9D97C00401B75 /* Build configuration list for PBXNativeTarget "SmartNetworking" */;
			buildPhases = (
				31E7E0B35707BE6607FE1CF1 /* [CP] Check Pods Manifest.lock */,
				2ACC4CE91FB9D97C00401B75 /* Sources */,
				2ACC4CEA1FB9D97C00401B75 /* Frameworks */,
				2ACC4CEB1FB9D97C00401B75 /* Resources */,
				F916E4FC46883F9FFFBE0BB7 /* [CP] Embed Pods Frameworks */,
				6D81A27CD562DDE23F9CEDFE /* [CP] Copy Pods Resources */,
				2ACC4D0F1FB9DCE500401B75 /* SwiftLint */,
				2A66F5F81FC635D70010E371 /* Barty Crouch */,
			);
			buildRules = (
			);
			dependencies = (
			);
			name = SmartNetworking;
			productName = SmartNetworkung;
			productReference = 2ACC4CED1FB9D97C00401B75 /* SmartNetworking.app */;
			productType = "com.apple.product-type.application";
		};
/* End PBXNativeTarget section */

/* Begin PBXProject section */
		2ACC4CE51FB9D97C00401B75 /* Project object */ = {
			isa = PBXProject;
			attributes = {
				LastSwiftUpdateCheck = 0910;
				LastUpgradeCheck = 0910;
				ORGANIZATIONNAME = "David Moeller";
				TargetAttributes = {
					2A1388D41FBBB54000B1C616 = {
						CreatedOnToolsVersion = 9.1;
						LastSwiftMigration = 0910;
						ProvisioningStyle = Automatic;
						TestTargetID = 2ACC4CEC1FB9D97C00401B75;
					};
					2AB6E67E1FC7527A00629DBC = {
						CreatedOnToolsVersion = 9.1;
						ProvisioningStyle = Automatic;
						TestTargetID = 2ACC4CEC1FB9D97C00401B75;
					};
					2ACC4CEC1FB9D97C00401B75 = {
						CreatedOnToolsVersion = 9.1;
						ProvisioningStyle = Manual;
					};
				};
			};
			buildConfigurationList = 2ACC4CE81FB9D97C00401B75 /* Build configuration list for PBXProject "SmartNetworking" */;
			compatibilityVersion = "Xcode 8.0";
			developmentRegion = en;
			hasScannedForEncodings = 0;
			knownRegions = (
				en,
				Base,
				de,
			);
			mainGroup = 2ACC4CE41FB9D97C00401B75;
			productRefGroup = 2ACC4CEE1FB9D97C00401B75 /* Products */;
			projectDirPath = "";
			projectRoot = "";
			targets = (
				2ACC4CEC1FB9D97C00401B75 /* SmartNetworking */,
				2A1388D41FBBB54000B1C616 /* iOS Unit Tests */,
				2AB6E67E1FC7527A00629DBC /* iOS Snapshot */,
			);
		};
/* End PBXProject section */

/* Begin PBXResourcesBuildPhase section */
		2A1388D31FBBB54000B1C616 /* Resources */ = {
			isa = PBXResourcesBuildPhase;
			buildActionMask = 2147483647;
			files = (
			);
			runOnlyForDeploymentPostprocessing = 0;
		};
		2AB6E67D1FC7527A00629DBC /* Resources */ = {
			isa = PBXResourcesBuildPhase;
			buildActionMask = 2147483647;
			files = (
			);
			runOnlyForDeploymentPostprocessing = 0;
		};
		2ACC4CEB1FB9D97C00401B75 /* Resources */ = {
			isa = PBXResourcesBuildPhase;
			buildActionMask = 2147483647;
			files = (
				2AB6E6531FC74DB900629DBC /* phone_number.txt in Resources */,
				2AB6E64E1FC74DB900629DBC /* postal_code.txt in Resources */,
				2AB6E68C1FC78E8800629DBC /* Matchfile in Resources */,
				2AB6E6561FC74DB900629DBC /* email_address.txt in Resources */,
				2ACC4D301FBA4FE600401B75 /* ContactCell.xib in Resources */,
				2AB6E6431FC74DB900629DBC /* README.txt in Resources */,
				2A66F6061FC63C770010E371 /* InfoPlist.strings in Resources */,
				2AB6E6721FC74E1C00629DBC /* support_url.txt in Resources */,
				2AB6E64A1FC74DB900629DBC /* country.txt in Resources */,
				2AB6E6571FC74DB900629DBC /* last_name.txt in Resources */,
				2AB6E65D1FC74DB900629DBC /* support_url.txt in Resources */,
				2AB6E6581FC74DB900629DBC /* first_name.txt in Resources */,
				2AB6E65E1FC74DB900629DBC /* keywords.txt in Resources */,
				2AB6E64B1FC74DB900629DBC /* city_name.txt in Resources */,
				2AB6E6651FC74DB900629DBC /* Snapfile in Resources */,
				2AB6E6591FC74DB900629DBC /* demo_password.txt in Resources */,
				2AB6E6511FC74DB900629DBC /* secondary_second_sub_category.txt in Resources */,
				2AB6E64D1FC74DB900629DBC /* is_displayed_on_app_store.txt in Resources */,
				2AB6E65B1FC74DB900629DBC /* privacy_url.txt in Resources */,
				2ACC4D181FB9DF2D00401B75 /* .swiftlint.yml in Resources */,
				2AB6E6641FC74DB900629DBC /* primary_category.txt in Resources */,
				2AB6E6631FC74DB900629DBC /* description.txt in Resources */,
				2A66F6001FC639300010E371 /* Localizable.strings in Resources */,
				2AB6E64C1FC74DB900629DBC /* trade_name.txt in Resources */,
				2AB6E6771FC74E1C00629DBC /* marketing_url.txt in Resources */,
				2AB6E6761FC74E1C00629DBC /* name.txt in Resources */,
				2AB6E6621FC74DB900629DBC /* marketing_url.txt in Resources */,
				2AB6E6551FC74DB900629DBC /* notes.txt in Resources */,
				2AB6E6491FC74DB900629DBC /* address_line1.txt in Resources */,
				2ACC4CFB1FB9D97C00401B75 /* LaunchScreen.storyboard in Resources */,
				2AB6E6481FC74DB900629DBC /* copyright.txt in Resources */,
				2AB6E6471FC74DB900629DBC /* Fastfile in Resources */,
				2AB6E6741FC74E1C00629DBC /* promotional_text.txt in Resources */,
				2AB6E6541FC74DB900629DBC /* demo_user.txt in Resources */,
				2AB6E6461FC74DB900629DBC /* Deliverfile in Resources */,
				2AB6E6441FC74DB900629DBC /* Appfile in Resources */,
				2AB6E6601FC74DB900629DBC /* release_notes.txt in Resources */,
				2ACC4CF61FB9D97C00401B75 /* Main.storyboard in Resources */,
				2AB6E6781FC74E1C00629DBC /* description.txt in Resources */,
				2AB6E6701FC74E1C00629DBC /* privacy_url.txt in Resources */,
				2AB6E6501FC74DB900629DBC /* secondary_category.txt in Resources */,
				2AB6E65C1FC74DB900629DBC /* subtitle.txt in Resources */,
				2AB6E6611FC74DB900629DBC /* name.txt in Resources */,
				2AA2D15F1FC7054B00D73EA2 /* Assets.xcassets in Resources */,
				2AB6E6751FC74E1C00629DBC /* release_notes.txt in Resources */,
				2AB6E6711FC74E1C00629DBC /* subtitle.txt in Resources */,
				2AB6E64F1FC74DB900629DBC /* secondary_first_sub_category.txt in Resources */,
				2AB6E65A1FC74DB900629DBC /* primary_first_sub_category.txt in Resources */,
				2AB6E6521FC74DB900629DBC /* primary_second_sub_category.txt in Resources */,
				2AB6E65F1FC74DB900629DBC /* promotional_text.txt in Resources */,
				2AB6E6731FC74E1C00629DBC /* keywords.txt in Resources */,
				2ACC4D2E1FBA494F00401B75 /* AppointmentCell.xib in Resources */,
			);
			runOnlyForDeploymentPostprocessing = 0;
		};
/* End PBXResourcesBuildPhase section */

/* Begin PBXShellScriptBuildPhase section */
		1219EA60B0729A9F4C1D826F /* [CP] Embed Pods Frameworks */ = {
			isa = PBXShellScriptBuildPhase;
			buildActionMask = 2147483647;
			files = (
			);
			inputPaths = (
				"${SRCROOT}/Pods/Target Support Files/Pods-iOS Unit Tests/Pods-iOS Unit Tests-frameworks.sh",
				"${BUILT_PRODUCTS_DIR}/Nimble/Nimble.framework",
				"${BUILT_PRODUCTS_DIR}/Quick/Quick.framework",
			);
			name = "[CP] Embed Pods Frameworks";
			outputPaths = (
				"${TARGET_BUILD_DIR}/${FRAMEWORKS_FOLDER_PATH}/Nimble.framework",
				"${TARGET_BUILD_DIR}/${FRAMEWORKS_FOLDER_PATH}/Quick.framework",
			);
			runOnlyForDeploymentPostprocessing = 0;
			shellPath = /bin/sh;
			shellScript = "\"${SRCROOT}/Pods/Target Support Files/Pods-iOS Unit Tests/Pods-iOS Unit Tests-frameworks.sh\"\n";
			showEnvVarsInLog = 0;
		};
		2A66F5F81FC635D70010E371 /* Barty Crouch */ = {
			isa = PBXShellScriptBuildPhase;
			buildActionMask = 2147483647;
			files = (
			);
			inputPaths = (
			);
			name = "Barty Crouch";
			outputPaths = (
			);
			runOnlyForDeploymentPostprocessing = 0;
			shellPath = /bin/sh;
			shellScript = "\"${PODS_ROOT}/BartyCrouch/bartycrouch\" code -p \"$PROJECT_DIR/iOS/Application/Source\" -l \"$PROJECT_DIR/iOS/Application/Assets\" -a -s -v -e";
		};
		2ACC4D0F1FB9DCE500401B75 /* SwiftLint */ = {
			isa = PBXShellScriptBuildPhase;
			buildActionMask = 2147483647;
			files = (
			);
			inputPaths = (
			);
			name = SwiftLint;
			outputPaths = (
			);
			runOnlyForDeploymentPostprocessing = 0;
			shellPath = /bin/sh;
			shellScript = "if which swiftlint >/dev/null; then\n    swiftlint\nelse\n    echo \"warning: SwiftLint not installed, download from https://github.com/realm/SwiftLint\"\nfi";
		};
		31E7E0B35707BE6607FE1CF1 /* [CP] Check Pods Manifest.lock */ = {
			isa = PBXShellScriptBuildPhase;
			buildActionMask = 2147483647;
			files = (
			);
			inputPaths = (
				"${PODS_PODFILE_DIR_PATH}/Podfile.lock",
				"${PODS_ROOT}/Manifest.lock",
			);
			name = "[CP] Check Pods Manifest.lock";
			outputPaths = (
				"$(DERIVED_FILE_DIR)/Pods-SmartNetworking-checkManifestLockResult.txt",
			);
			runOnlyForDeploymentPostprocessing = 0;
			shellPath = /bin/sh;
			shellScript = "diff \"${PODS_PODFILE_DIR_PATH}/Podfile.lock\" \"${PODS_ROOT}/Manifest.lock\" > /dev/null\nif [ $? != 0 ] ; then\n    # print error to STDERR\n    echo \"error: The sandbox is not in sync with the Podfile.lock. Run 'pod install' or update your CocoaPods installation.\" >&2\n    exit 1\nfi\n# This output is used by Xcode 'outputs' to avoid re-running this script phase.\necho \"SUCCESS\" > \"${SCRIPT_OUTPUT_FILE_0}\"\n";
			showEnvVarsInLog = 0;
		};
		61BF1D2E960989576059A778 /* [CP] Check Pods Manifest.lock */ = {
			isa = PBXShellScriptBuildPhase;
			buildActionMask = 2147483647;
			files = (
			);
			inputPaths = (
				"${PODS_PODFILE_DIR_PATH}/Podfile.lock",
				"${PODS_ROOT}/Manifest.lock",
			);
			name = "[CP] Check Pods Manifest.lock";
			outputPaths = (
				"$(DERIVED_FILE_DIR)/Pods-iOS Unit Tests-checkManifestLockResult.txt",
			);
			runOnlyForDeploymentPostprocessing = 0;
			shellPath = /bin/sh;
			shellScript = "diff \"${PODS_PODFILE_DIR_PATH}/Podfile.lock\" \"${PODS_ROOT}/Manifest.lock\" > /dev/null\nif [ $? != 0 ] ; then\n    # print error to STDERR\n    echo \"error: The sandbox is not in sync with the Podfile.lock. Run 'pod install' or update your CocoaPods installation.\" >&2\n    exit 1\nfi\n# This output is used by Xcode 'outputs' to avoid re-running this script phase.\necho \"SUCCESS\" > \"${SCRIPT_OUTPUT_FILE_0}\"\n";
			showEnvVarsInLog = 0;
		};
		6D81A27CD562DDE23F9CEDFE /* [CP] Copy Pods Resources */ = {
			isa = PBXShellScriptBuildPhase;
			buildActionMask = 2147483647;
			files = (
			);
			inputPaths = (
			);
			name = "[CP] Copy Pods Resources";
			outputPaths = (
			);
			runOnlyForDeploymentPostprocessing = 0;
			shellPath = /bin/sh;
			shellScript = "\"${SRCROOT}/Pods/Target Support Files/Pods-SmartNetworking/Pods-SmartNetworking-resources.sh\"\n";
			showEnvVarsInLog = 0;
		};
		AE0C375882B3C9FE12958FB2 /* [CP] Copy Pods Resources */ = {
			isa = PBXShellScriptBuildPhase;
			buildActionMask = 2147483647;
			files = (
			);
			inputPaths = (
			);
			name = "[CP] Copy Pods Resources";
			outputPaths = (
			);
			runOnlyForDeploymentPostprocessing = 0;
			shellPath = /bin/sh;
			shellScript = "\"${SRCROOT}/Pods/Target Support Files/Pods-iOS Unit Tests/Pods-iOS Unit Tests-resources.sh\"\n";
			showEnvVarsInLog = 0;
		};
		F916E4FC46883F9FFFBE0BB7 /* [CP] Embed Pods Frameworks */ = {
			isa = PBXShellScriptBuildPhase;
			buildActionMask = 2147483647;
			files = (
			);
			inputPaths = (
				"${SRCROOT}/Pods/Target Support Files/Pods-SmartNetworking/Pods-SmartNetworking-frameworks.sh",
				"${BUILT_PRODUCTS_DIR}/DefaultsKit/DefaultsKit.framework",
				"${BUILT_PRODUCTS_DIR}/IGListKit/IGListKit.framework",
				"${BUILT_PRODUCTS_DIR}/PromiseKit/PromiseKit.framework",
				"${BUILT_PRODUCTS_DIR}/RxCocoa/RxCocoa.framework",
				"${BUILT_PRODUCTS_DIR}/RxSwift/RxSwift.framework",
				"${BUILT_PRODUCTS_DIR}/SteviaLayout/Stevia.framework",
				"${BUILT_PRODUCTS_DIR}/Timepiece/Timepiece.framework",
			);
			name = "[CP] Embed Pods Frameworks";
			outputPaths = (
				"${TARGET_BUILD_DIR}/${FRAMEWORKS_FOLDER_PATH}/DefaultsKit.framework",
				"${TARGET_BUILD_DIR}/${FRAMEWORKS_FOLDER_PATH}/IGListKit.framework",
				"${TARGET_BUILD_DIR}/${FRAMEWORKS_FOLDER_PATH}/PromiseKit.framework",
				"${TARGET_BUILD_DIR}/${FRAMEWORKS_FOLDER_PATH}/RxCocoa.framework",
				"${TARGET_BUILD_DIR}/${FRAMEWORKS_FOLDER_PATH}/RxSwift.framework",
				"${TARGET_BUILD_DIR}/${FRAMEWORKS_FOLDER_PATH}/Stevia.framework",
				"${TARGET_BUILD_DIR}/${FRAMEWORKS_FOLDER_PATH}/Timepiece.framework",
			);
			runOnlyForDeploymentPostprocessing = 0;
			shellPath = /bin/sh;
			shellScript = "\"${SRCROOT}/Pods/Target Support Files/Pods-SmartNetworking/Pods-SmartNetworking-frameworks.sh\"\n";
			showEnvVarsInLog = 0;
		};
/* End PBXShellScriptBuildPhase section */

/* Begin PBXSourcesBuildPhase section */
		2A1388D11FBBB54000B1C616 /* Sources */ = {
			isa = PBXSourcesBuildPhase;
			buildActionMask = 2147483647;
			files = (
				2A1388E31FBBBA3800B1C616 /* AppointmentHandlerSpec.swift in Sources */,
			);
			runOnlyForDeploymentPostprocessing = 0;
		};
		2AB6E67B1FC7527A00629DBC /* Sources */ = {
			isa = PBXSourcesBuildPhase;
			buildActionMask = 2147483647;
			files = (
				2AB6E6821FC7527A00629DBC /* iOS_Snapshot.swift in Sources */,
				2AB6E68A1FC7529900629DBC /* SnapshotHelper.swift in Sources */,
			);
			runOnlyForDeploymentPostprocessing = 0;
		};
		2ACC4CE91FB9D97C00401B75 /* Sources */ = {
			isa = PBXSourcesBuildPhase;
			buildActionMask = 2147483647;
			files = (
				2ACC4D0B1FB9DC7B00401B75 /* AppCoordinator.swift in Sources */,
				2ACC4D091FB9DBDC00401B75 /* Strings.swift in Sources */,
				2ACC4D281FBA086300401B75 /* AppointmentCell.swift in Sources */,
				2ACC4D141FB9DE1E00401B75 /* AppointmentListViewModel.swift in Sources */,
				2ACC4D161FB9DE5000401B75 /* AppointmentListViewController.swift in Sources */,
				2ACC4CF11FB9D97C00401B75 /* AppDelegate.swift in Sources */,
				2AB6E67A1FC74EB400629DBC /* Environment.swift in Sources */,
				2ACC4D231FBA07D600401B75 /* AppointmentListSection.swift in Sources */,
				2ACC4D121FB9DDF600401B75 /* AppointmentListCoordinator.swift in Sources */,
				2ACC4D321FBA509100401B75 /* ContactCell.swift in Sources */,
				2A1388E11FBBB61700B1C616 /* VisitHandler.swift in Sources */,
				2ACC4D2A1FBA174800401B75 /* TitleCell.swift in Sources */,
				2ACC4D0E1FB9DCB900401B75 /* BaseCoordinator.swift in Sources */,
				2A4E95121FBE394C002DB27D /* NoVisitsView.swift in Sources */,
				2ACC4D201FB9F39400401B75 /* String+Contains.swift in Sources */,
				2ACC4D1A1FB9E27300401B75 /* Constants.swift in Sources */,
				2A4E95141FBE4C85002DB27D /* PermissionView.swift in Sources */,
				2ACC4D1D1FB9E34700401B75 /* Visit.swift in Sources */,
				2ACC4D2C1FBA17B000401B75 /* TitleSectionController.swift in Sources */,
				2ACC4D261FBA082500401B75 /* WhiteBorderCell.swift in Sources */,
				2A4E95101FBE20D0002DB27D /* ProgressView.swift in Sources */,
			);
			runOnlyForDeploymentPostprocessing = 0;
		};
/* End PBXSourcesBuildPhase section */

/* Begin PBXTargetDependency section */
		2A1388DB1FBBB54000B1C616 /* PBXTargetDependency */ = {
			isa = PBXTargetDependency;
			target = 2ACC4CEC1FB9D97C00401B75 /* SmartNetworking */;
			targetProxy = 2A1388DA1FBBB54000B1C616 /* PBXContainerItemProxy */;
		};
		2AB6E6851FC7527A00629DBC /* PBXTargetDependency */ = {
			isa = PBXTargetDependency;
			target = 2ACC4CEC1FB9D97C00401B75 /* SmartNetworking */;
			targetProxy = 2AB6E6841FC7527A00629DBC /* PBXContainerItemProxy */;
		};
/* End PBXTargetDependency section */

/* Begin PBXVariantGroup section */
		2A66F5FE1FC639300010E371 /* Localizable.strings */ = {
			isa = PBXVariantGroup;
			children = (
				2A66F5FF1FC639300010E371 /* Base */,
				2A66F6031FC639400010E371 /* de */,
			);
			name = Localizable.strings;
			sourceTree = "<group>";
		};
		2A66F6041FC63C770010E371 /* InfoPlist.strings */ = {
			isa = PBXVariantGroup;
			children = (
				2A66F6051FC63C770010E371 /* Base */,
				2A66F6071FC63C7B0010E371 /* de */,
			);
			name = InfoPlist.strings;
			sourceTree = "<group>";
		};
		2ACC4CF41FB9D97C00401B75 /* Main.storyboard */ = {
			isa = PBXVariantGroup;
			children = (
				2ACC4CF51FB9D97C00401B75 /* Base */,
				2A66F6011FC639400010E371 /* de */,
			);
			name = Main.storyboard;
			sourceTree = "<group>";
		};
		2ACC4CF91FB9D97C00401B75 /* LaunchScreen.storyboard */ = {
			isa = PBXVariantGroup;
			children = (
				2ACC4CFA1FB9D97C00401B75 /* Base */,
				2A66F6021FC639400010E371 /* de */,
			);
			name = LaunchScreen.storyboard;
			sourceTree = "<group>";
		};
/* End PBXVariantGroup section */

/* Begin XCBuildConfiguration section */
		2A1388DC1FBBB54000B1C616 /* Debug */ = {
			isa = XCBuildConfiguration;
			baseConfigurationReference = E8294C1C8C720E815A999F28 /* Pods-iOS Unit Tests.debug.xcconfig */;
			buildSettings = {
				BUNDLE_LOADER = "$(TEST_HOST)";
				CLANG_ENABLE_MODULES = YES;
				CODE_SIGN_STYLE = Automatic;
				DEVELOPMENT_TEAM = 2T87V487YG;
				INFOPLIST_FILE = iOS/Tests/Unit/Info.plist;
				LD_RUNPATH_SEARCH_PATHS = "$(inherited) @executable_path/Frameworks @loader_path/Frameworks";
				PRODUCT_BUNDLE_IDENTIFIER = "david.iOS-Unit-Tests";
				PRODUCT_NAME = "$(TARGET_NAME)";
				SWIFT_OPTIMIZATION_LEVEL = "-Onone";
				SWIFT_VERSION = 4.0;
				TARGETED_DEVICE_FAMILY = "1,2";
				TEST_HOST = "$(BUILT_PRODUCTS_DIR)/SmartNetworking.app/SmartNetworking";
			};
			name = Debug;
		};
		2A1388DD1FBBB54000B1C616 /* Release */ = {
			isa = XCBuildConfiguration;
			baseConfigurationReference = A593B79A4803E7C9B7DF5E6B /* Pods-iOS Unit Tests.release.xcconfig */;
			buildSettings = {
				BUNDLE_LOADER = "$(TEST_HOST)";
				CLANG_ENABLE_MODULES = YES;
				CODE_SIGN_STYLE = Automatic;
				DEVELOPMENT_TEAM = 2T87V487YG;
				INFOPLIST_FILE = iOS/Tests/Unit/Info.plist;
				LD_RUNPATH_SEARCH_PATHS = "$(inherited) @executable_path/Frameworks @loader_path/Frameworks";
				PRODUCT_BUNDLE_IDENTIFIER = "david.iOS-Unit-Tests";
				PRODUCT_NAME = "$(TARGET_NAME)";
				SWIFT_VERSION = 4.0;
				TARGETED_DEVICE_FAMILY = "1,2";
				TEST_HOST = "$(BUILT_PRODUCTS_DIR)/SmartNetworking.app/SmartNetworking";
			};
			name = Release;
		};
		2AB6E6871FC7527A00629DBC /* Debug */ = {
			isa = XCBuildConfiguration;
			buildSettings = {
				CODE_SIGN_STYLE = Automatic;
				DEVELOPMENT_TEAM = 2T87V487YG;
				INFOPLIST_FILE = "iOS/Tests/UI Snapshot/Info.plist";
				LD_RUNPATH_SEARCH_PATHS = "$(inherited) @executable_path/Frameworks @loader_path/Frameworks";
				PRODUCT_BUNDLE_IDENTIFIER = "david.iOS-Snapshot";
				PRODUCT_NAME = "$(TARGET_NAME)";
				SWIFT_VERSION = 4.0;
				TARGETED_DEVICE_FAMILY = "1,2";
				TEST_TARGET_NAME = SmartNetworking;
			};
			name = Debug;
		};
		2AB6E6881FC7527A00629DBC /* Release */ = {
			isa = XCBuildConfiguration;
			buildSettings = {
				CODE_SIGN_STYLE = Automatic;
				DEVELOPMENT_TEAM = 2T87V487YG;
				INFOPLIST_FILE = "iOS/Tests/UI Snapshot/Info.plist";
				LD_RUNPATH_SEARCH_PATHS = "$(inherited) @executable_path/Frameworks @loader_path/Frameworks";
				PRODUCT_BUNDLE_IDENTIFIER = "david.iOS-Snapshot";
				PRODUCT_NAME = "$(TARGET_NAME)";
				SWIFT_VERSION = 4.0;
				TARGETED_DEVICE_FAMILY = "1,2";
				TEST_TARGET_NAME = SmartNetworking;
			};
			name = Release;
		};
		2ACC4CFD1FB9D97C00401B75 /* Debug */ = {
			isa = XCBuildConfiguration;
			buildSettings = {
				ALWAYS_SEARCH_USER_PATHS = NO;
				CLANG_ANALYZER_LOCALIZABILITY_NONLOCALIZED = YES;
				CLANG_ANALYZER_NONNULL = YES;
				CLANG_ANALYZER_NUMBER_OBJECT_CONVERSION = YES_AGGRESSIVE;
				CLANG_CXX_LANGUAGE_STANDARD = "gnu++14";
				CLANG_CXX_LIBRARY = "libc++";
				CLANG_ENABLE_MODULES = YES;
				CLANG_ENABLE_OBJC_ARC = YES;
				CLANG_WARN_BLOCK_CAPTURE_AUTORELEASING = YES;
				CLANG_WARN_BOOL_CONVERSION = YES;
				CLANG_WARN_COMMA = YES;
				CLANG_WARN_CONSTANT_CONVERSION = YES;
				CLANG_WARN_DIRECT_OBJC_ISA_USAGE = YES_ERROR;
				CLANG_WARN_DOCUMENTATION_COMMENTS = YES;
				CLANG_WARN_EMPTY_BODY = YES;
				CLANG_WARN_ENUM_CONVERSION = YES;
				CLANG_WARN_INFINITE_RECURSION = YES;
				CLANG_WARN_INT_CONVERSION = YES;
				CLANG_WARN_NON_LITERAL_NULL_CONVERSION = YES;
				CLANG_WARN_OBJC_LITERAL_CONVERSION = YES;
				CLANG_WARN_OBJC_ROOT_CLASS = YES_ERROR;
				CLANG_WARN_RANGE_LOOP_ANALYSIS = YES;
				CLANG_WARN_STRICT_PROTOTYPES = YES;
				CLANG_WARN_SUSPICIOUS_MOVE = YES;
				CLANG_WARN_UNGUARDED_AVAILABILITY = YES_AGGRESSIVE;
				CLANG_WARN_UNREACHABLE_CODE = YES;
				CLANG_WARN__DUPLICATE_METHOD_MATCH = YES;
				CODE_SIGN_IDENTITY = "iPhone Developer";
				COPY_PHASE_STRIP = NO;
				DEBUG_INFORMATION_FORMAT = dwarf;
				ENABLE_STRICT_OBJC_MSGSEND = YES;
				ENABLE_TESTABILITY = YES;
				GCC_C_LANGUAGE_STANDARD = gnu11;
				GCC_DYNAMIC_NO_PIC = NO;
				GCC_NO_COMMON_BLOCKS = YES;
				GCC_OPTIMIZATION_LEVEL = 0;
				GCC_PREPROCESSOR_DEFINITIONS = (
					"DEBUG=1",
					"$(inherited)",
				);
				GCC_WARN_64_TO_32_BIT_CONVERSION = YES;
				GCC_WARN_ABOUT_RETURN_TYPE = YES_ERROR;
				GCC_WARN_UNDECLARED_SELECTOR = YES;
				GCC_WARN_UNINITIALIZED_AUTOS = YES_AGGRESSIVE;
				GCC_WARN_UNUSED_FUNCTION = YES;
				GCC_WARN_UNUSED_VARIABLE = YES;
				IPHONEOS_DEPLOYMENT_TARGET = 10.0;
				MTL_ENABLE_DEBUG_INFO = YES;
				ONLY_ACTIVE_ARCH = YES;
				SDKROOT = iphoneos;
				SWIFT_ACTIVE_COMPILATION_CONDITIONS = DEBUG;
				SWIFT_OPTIMIZATION_LEVEL = "-Onone";
			};
			name = Debug;
		};
		2ACC4CFE1FB9D97C00401B75 /* Release */ = {
			isa = XCBuildConfiguration;
			buildSettings = {
				ALWAYS_SEARCH_USER_PATHS = NO;
				CLANG_ANALYZER_LOCALIZABILITY_NONLOCALIZED = YES;
				CLANG_ANALYZER_NONNULL = YES;
				CLANG_ANALYZER_NUMBER_OBJECT_CONVERSION = YES_AGGRESSIVE;
				CLANG_CXX_LANGUAGE_STANDARD = "gnu++14";
				CLANG_CXX_LIBRARY = "libc++";
				CLANG_ENABLE_MODULES = YES;
				CLANG_ENABLE_OBJC_ARC = YES;
				CLANG_WARN_BLOCK_CAPTURE_AUTORELEASING = YES;
				CLANG_WARN_BOOL_CONVERSION = YES;
				CLANG_WARN_COMMA = YES;
				CLANG_WARN_CONSTANT_CONVERSION = YES;
				CLANG_WARN_DIRECT_OBJC_ISA_USAGE = YES_ERROR;
				CLANG_WARN_DOCUMENTATION_COMMENTS = YES;
				CLANG_WARN_EMPTY_BODY = YES;
				CLANG_WARN_ENUM_CONVERSION = YES;
				CLANG_WARN_INFINITE_RECURSION = YES;
				CLANG_WARN_INT_CONVERSION = YES;
				CLANG_WARN_NON_LITERAL_NULL_CONVERSION = YES;
				CLANG_WARN_OBJC_LITERAL_CONVERSION = YES;
				CLANG_WARN_OBJC_ROOT_CLASS = YES_ERROR;
				CLANG_WARN_RANGE_LOOP_ANALYSIS = YES;
				CLANG_WARN_STRICT_PROTOTYPES = YES;
				CLANG_WARN_SUSPICIOUS_MOVE = YES;
				CLANG_WARN_UNGUARDED_AVAILABILITY = YES_AGGRESSIVE;
				CLANG_WARN_UNREACHABLE_CODE = YES;
				CLANG_WARN__DUPLICATE_METHOD_MATCH = YES;
				CODE_SIGN_IDENTITY = "iPhone Developer";
				COPY_PHASE_STRIP = NO;
				DEBUG_INFORMATION_FORMAT = "dwarf-with-dsym";
				ENABLE_NS_ASSERTIONS = NO;
				ENABLE_STRICT_OBJC_MSGSEND = YES;
				GCC_C_LANGUAGE_STANDARD = gnu11;
				GCC_NO_COMMON_BLOCKS = YES;
				GCC_WARN_64_TO_32_BIT_CONVERSION = YES;
				GCC_WARN_ABOUT_RETURN_TYPE = YES_ERROR;
				GCC_WARN_UNDECLARED_SELECTOR = YES;
				GCC_WARN_UNINITIALIZED_AUTOS = YES_AGGRESSIVE;
				GCC_WARN_UNUSED_FUNCTION = YES;
				GCC_WARN_UNUSED_VARIABLE = YES;
				IPHONEOS_DEPLOYMENT_TARGET = 10.0;
				MTL_ENABLE_DEBUG_INFO = NO;
				SDKROOT = iphoneos;
				SWIFT_OPTIMIZATION_LEVEL = "-Owholemodule";
				VALIDATE_PRODUCT = YES;
			};
			name = Release;
		};
		2ACC4D001FB9D97C00401B75 /* Debug */ = {
			isa = XCBuildConfiguration;
			baseConfigurationReference = 4631463E9A6F5711657DF4D6 /* Pods-SmartNetworking.debug.xcconfig */;
			buildSettings = {
				ASSETCATALOG_COMPILER_APPICON_NAME = AppIcon;
				"CODE_SIGN_IDENTITY[sdk=iphoneos*]" = "iPhone Distribution";
				CODE_SIGN_STYLE = Manual;
				DEVELOPMENT_TEAM = 2T87V487YG;
				INFOPLIST_FILE = "$(SRCROOT)/iOS/Application/Assets/Info.plist";
				IPHONEOS_DEPLOYMENT_TARGET = 10.0;
				LD_RUNPATH_SEARCH_PATHS = "$(inherited) @executable_path/Frameworks";
				PRODUCT_BUNDLE_IDENTIFIER = david.SmartNetworkung;
				PRODUCT_NAME = "$(TARGET_NAME)";
				PROVISIONING_PROFILE = "eb62554a-e307-456d-b062-e43b8e67cf82";
				PROVISIONING_PROFILE_SPECIFIER = "match AppStore david.SmartNetworkung";
				SWIFT_VERSION = 4.0;
				TARGETED_DEVICE_FAMILY = 1;
			};
			name = Debug;
		};
		2ACC4D011FB9D97C00401B75 /* Release */ = {
			isa = XCBuildConfiguration;
			baseConfigurationReference = 4554AA7447E441B080631E9D /* Pods-SmartNetworking.release.xcconfig */;
			buildSettings = {
				ASSETCATALOG_COMPILER_APPICON_NAME = AppIcon;
				"CODE_SIGN_IDENTITY[sdk=iphoneos*]" = "iPhone Distribution";
				CODE_SIGN_STYLE = Manual;
				DEVELOPMENT_TEAM = 2T87V487YG;
				INFOPLIST_FILE = "$(SRCROOT)/iOS/Application/Assets/Info.plist";
				IPHONEOS_DEPLOYMENT_TARGET = 10.0;
				LD_RUNPATH_SEARCH_PATHS = "$(inherited) @executable_path/Frameworks";
				PRODUCT_BUNDLE_IDENTIFIER = david.SmartNetworkung;
				PRODUCT_NAME = "$(TARGET_NAME)";
				PROVISIONING_PROFILE = "eb62554a-e307-456d-b062-e43b8e67cf82";
				PROVISIONING_PROFILE_SPECIFIER = "match AppStore david.SmartNetworkung";
				SWIFT_VERSION = 4.0;
				TARGETED_DEVICE_FAMILY = 1;
			};
			name = Release;
		};
/* End XCBuildConfiguration section */

/* Begin XCConfigurationList section */
		2A1388DE1FBBB54000B1C616 /* Build configuration list for PBXNativeTarget "iOS Unit Tests" */ = {
			isa = XCConfigurationList;
			buildConfigurations = (
				2A1388DC1FBBB54000B1C616 /* Debug */,
				2A1388DD1FBBB54000B1C616 /* Release */,
			);
			defaultConfigurationIsVisible = 0;
			defaultConfigurationName = Release;
		};
		2AB6E6861FC7527A00629DBC /* Build configuration list for PBXNativeTarget "iOS Snapshot" */ = {
			isa = XCConfigurationList;
			buildConfigurations = (
				2AB6E6871FC7527A00629DBC /* Debug */,
				2AB6E6881FC7527A00629DBC /* Release */,
			);
			defaultConfigurationIsVisible = 0;
			defaultConfigurationName = Release;
		};
		2ACC4CE81FB9D97C00401B75 /* Build configuration list for PBXProject "SmartNetworking" */ = {
			isa = XCConfigurationList;
			buildConfigurations = (
				2ACC4CFD1FB9D97C00401B75 /* Debug */,
				2ACC4CFE1FB9D97C00401B75 /* Release */,
			);
			defaultConfigurationIsVisible = 0;
			defaultConfigurationName = Release;
		};
		2ACC4CFF1FB9D97C00401B75 /* Build configuration list for PBXNativeTarget "SmartNetworking" */ = {
			isa = XCConfigurationList;
			buildConfigurations = (
				2ACC4D001FB9D97C00401B75 /* Debug */,
				2ACC4D011FB9D97C00401B75 /* Release */,
			);
			defaultConfigurationIsVisible = 0;
			defaultConfigurationName = Release;
		};
/* End XCConfigurationList section */
	};
	rootObject = 2ACC4CE51FB9D97C00401B75 /* Project object */;
}
